
Microsoft Visual Studio Solution File, Format Version 12.00
# Visual Studio Version 17
VisualStudioVersion = 17.3.32819.101
MinimumVisualStudioVersion = 10.0.40219.1
Project("{FAE04EC0-301F-11D3-BF4B-00C04F79EFBC}") = "KodavimoTeorijaProjektas", "KodavimoTeorijaProjektas\KodavimoTeorijaProjektas.csproj", "{27165EAD-EDB0-4852-9886-A474439BEE5D}"
EndProject
Global
	GlobalSection(SolutionConfigurationPlatforms) = preSolution
		Debug|Any CPU = Debug|Any CPU
		Release|Any CPU = Release|Any CPU
	EndGlobalSection
	GlobalSection(ProjectConfigurationPlatforms) = postSolution
		{27165EAD-EDB0-4852-9886-A474439BEE5D}.Debug|Any CPU.ActiveCfg = Debug|Any CPU
		{27165EAD-EDB0-4852-9886-A474439BEE5D}.Debug|Any CPU.Build.0 = Debug|Any CPU
		{27165EAD-EDB0-4852-9886-A474439BEE5D}.Release|Any CPU.ActiveCfg = Release|Any CPU
		{27165EAD-EDB0-4852-9886-A474439BEE5D}.Release|Any CPU.Build.0 = Release|Any CPU
	EndGlobalSection
	GlobalSection(SolutionProperties) = preSolution
		HideSolutionNode = FALSE
	EndGlobalSection
	GlobalSection(ExtensibilityGlobals) = postSolution
		SolutionGuid = {1D33CEC7-ADCF-4CC9-BC31-C25C488A9180}
	EndGlobalSection
EndGlobal
